
Microsoft Visual Studio Solution File, Format Version 12.00
# Visual Studio 2012
Project("{FAE04EC0-301F-11D3-BF4B-00C04F79EFBC}") = "Drive Normalization", "Drive Normalization\Drive Normalization.csproj", "{A4855DE7-412B-42A0-9DEF-4ED49EB4933E}"
EndProject
Project("{FAE04EC0-301F-11D3-BF4B-00C04F79EFBC}") = "Knapsack Library", "Knapsack Library\Knapsack Library.csproj", "{FEC179A1-EA72-4510-9336-1B39F2E366BD}"
EndProject
Project("{FAE04EC0-301F-11D3-BF4B-00C04F79EFBC}") = "UnitTests", "UnitTests\UnitTests.csproj", "{1BEFA6C7-EA76-42C1-BAA3-101A0360C9E8}"
EndProject
Global
	GlobalSection(SolutionConfigurationPlatforms) = preSolution
		Debug|Any CPU = Debug|Any CPU
		Release|Any CPU = Release|Any CPU
	EndGlobalSection
	GlobalSection(ProjectConfigurationPlatforms) = postSolution
		{A4855DE7-412B-42A0-9DEF-4ED49EB4933E}.Debug|Any CPU.ActiveCfg = Debug|Any CPU
		{A4855DE7-412B-42A0-9DEF-4ED49EB4933E}.Debug|Any CPU.Build.0 = Debug|Any CPU
		{A4855DE7-412B-42A0-9DEF-4ED49EB4933E}.Release|Any CPU.ActiveCfg = Release|Any CPU
		{A4855DE7-412B-42A0-9DEF-4ED49EB4933E}.Release|Any CPU.Build.0 = Release|Any CPU
		{FEC179A1-EA72-4510-9336-1B39F2E366BD}.Debug|Any CPU.ActiveCfg = Debug|Any CPU
		{FEC179A1-EA72-4510-9336-1B39F2E366BD}.Debug|Any CPU.Build.0 = Debug|Any CPU
		{FEC179A1-EA72-4510-9336-1B39F2E366BD}.Release|Any CPU.ActiveCfg = Release|Any CPU
		{FEC179A1-EA72-4510-9336-1B39F2E366BD}.Release|Any CPU.Build.0 = Release|Any CPU
		{1BEFA6C7-EA76-42C1-BAA3-101A0360C9E8}.Debug|Any CPU.ActiveCfg = Debug|Any CPU
		{1BEFA6C7-EA76-42C1-BAA3-101A0360C9E8}.Debug|Any CPU.Build.0 = Debug|Any CPU
		{1BEFA6C7-EA76-42C1-BAA3-101A0360C9E8}.Release|Any CPU.ActiveCfg = Release|Any CPU
		{1BEFA6C7-EA76-42C1-BAA3-101A0360C9E8}.Release|Any CPU.Build.0 = Release|Any CPU
	EndGlobalSection
	GlobalSection(SolutionProperties) = preSolution
		HideSolutionNode = FALSE
	EndGlobalSection
	GlobalSection(Performance) = preSolution
		HasPerformanceSessions = true
	EndGlobalSection
EndGlobal
